
Microsoft Visual Studio Solution File, Format Version 12.00
# Visual Studio 15
VisualStudioVersion = 15.0.28307.902
MinimumVisualStudioVersion = 10.0.40219.1
Project("{9A19103F-16F7-4668-BE54-9A1E7A4F7556}") = "IdentitySystem", "IdentitySystem\IdentitySystem.csproj", "{5886CA92-025F-46E6-A5C9-3FF7588BCDEA}"
EndProject
Project("{9A19103F-16F7-4668-BE54-9A1E7A4F7556}") = "Models", "Models\Models.csproj", "{452B7D18-7C58-4303-B136-C90DA173A4F9}"
EndProject
Project("{9A19103F-16F7-4668-BE54-9A1E7A4F7556}") = "Helpers", "Helpers\Helpers.csproj", "{9D9E3F23-822C-4967-B2A7-FDBE88C98B0E}"
EndProject
Project("{FAE04EC0-301F-11D3-BF4B-00C04F79EFBC}") = "BL", "BL\BL.csproj", "{8EFD400C-65CB-4426-8587-371ED474B492}"
EndProject
Global
	GlobalSection(SolutionConfigurationPlatforms) = preSolution
		Debug|Any CPU = Debug|Any CPU
		Release|Any CPU = Release|Any CPU
	EndGlobalSection
	GlobalSection(ProjectConfigurationPlatforms) = postSolution
		{5886CA92-025F-46E6-A5C9-3FF7588BCDEA}.Debug|Any CPU.ActiveCfg = Debug|Any CPU
		{5886CA92-025F-46E6-A5C9-3FF7588BCDEA}.Debug|Any CPU.Build.0 = Debug|Any CPU
		{5886CA92-025F-46E6-A5C9-3FF7588BCDEA}.Release|Any CPU.ActiveCfg = Release|Any CPU
		{5886CA92-025F-46E6-A5C9-3FF7588BCDEA}.Release|Any CPU.Build.0 = Release|Any CPU
		{452B7D18-7C58-4303-B136-C90DA173A4F9}.Debug|Any CPU.ActiveCfg = Debug|Any CPU
		{452B7D18-7C58-4303-B136-C90DA173A4F9}.Debug|Any CPU.Build.0 = Debug|Any CPU
		{452B7D18-7C58-4303-B136-C90DA173A4F9}.Release|Any CPU.ActiveCfg = Release|Any CPU
		{452B7D18-7C58-4303-B136-C90DA173A4F9}.Release|Any CPU.Build.0 = Release|Any CPU
		{9D9E3F23-822C-4967-B2A7-FDBE88C98B0E}.Debug|Any CPU.ActiveCfg = Debug|Any CPU
		{9D9E3F23-822C-4967-B2A7-FDBE88C98B0E}.Debug|Any CPU.Build.0 = Debug|Any CPU
		{9D9E3F23-822C-4967-B2A7-FDBE88C98B0E}.Release|Any CPU.ActiveCfg = Release|Any CPU
		{9D9E3F23-822C-4967-B2A7-FDBE88C98B0E}.Release|Any CPU.Build.0 = Release|Any CPU
		{8EFD400C-65CB-4426-8587-371ED474B492}.Debug|Any CPU.ActiveCfg = Debug|Any CPU
		{8EFD400C-65CB-4426-8587-371ED474B492}.Debug|Any CPU.Build.0 = Debug|Any CPU
		{8EFD400C-65CB-4426-8587-371ED474B492}.Release|Any CPU.ActiveCfg = Release|Any CPU
		{8EFD400C-65CB-4426-8587-371ED474B492}.Release|Any CPU.Build.0 = Release|Any CPU
	EndGlobalSection
	GlobalSection(SolutionProperties) = preSolution
		HideSolutionNode = FALSE
	EndGlobalSection
	GlobalSection(ExtensibilityGlobals) = postSolution
		SolutionGuid = {F9597F1A-CF94-4A5D-8C31-2945458DF305}
	EndGlobalSection
EndGlobal
